<?xml version="1.0" encoding="utf-8"?>
<Project ToolsVersion="4.0" xmlns="http://schemas.microsoft.com/developer/msbuild/2003">
  <ItemGroup>
    <Filter Include="ソース ファイル">
      <UniqueIdentifier>{4FC737F1-C7A5-4376-A066-2A32D752A2FF}</UniqueIdentifier>
      <Extensions>cpp;c;cc;cxx;def;odl;idl;hpj;bat;asm;asmx</Extensions>
    </Filter>
    <Filter Include="ヘッダー ファイル">
      <UniqueIdentifier>{93995380-89BD-4b04-88EB-625FBE52EBFB}</UniqueIdentifier>
      <Extensions>h;hh;hpp;hxx;hm;inl;inc;ipp;xsd</Extensions>
    </Filter>
    <Filter Include="リソース ファイル">
      <UniqueIdentifier>{67DA6AB6-F800-4c08-8B7A-83BB121AAD01}</UniqueIdentifier>
      <Extensions>rc;ico;cur;bmp;dlg;rc2;rct;bin;rgs;gif;jpg;jpeg;jpe;resx;tiff;tif;png;wav;mfcribbon-ms</Extensions>
    </Filter>
    <Filter Include="ソース ファイル\ライブラリ">
      <UniqueIdentifier>{b053152c-b566-41bd-b242-3220e40b853d}</UniqueIdentifier>
    </Filter>
    <Filter Include="ヘッダー ファイル\ライブラリ">
      <UniqueIdentifier>{9849a1dc-edf7-4029-a24d-6ac4e292993b}</UniqueIdentifier>
    </Filter>
  </ItemGroup>
  <ItemGroup>
    <ClCompile Include="DebugText.cpp">
      <Filter>ソース ファイル\ライブラリ</Filter>
    </ClCompile>
    <ClCompile Include="Input.cpp">
      <Filter>ソース ファイル\ライブラリ</Filter>
    </ClCompile>
    <ClCompile Include="Object3D.cpp">
      <Filter>ソース ファイル\ライブラリ</Filter>
    </ClCompile>
    <ClCompile Include="Sound.cpp">
      <Filter>ソース ファイル\ライブラリ</Filter>
    </ClCompile>
    <ClCompile Include="Sprite.cpp">
      <Filter>ソース ファイル\ライブラリ</Filter>
    </ClCompile>
    <ClCompile Include="XAudio2VoiceCallback.cpp">
      <Filter>ソース ファイル\ライブラリ</Filter>
    </ClCompile>
    <ClCompile Include="Scene.cpp">
      <Filter>ソース ファイル\ライブラリ</Filter>
    </ClCompile>
    <ClCompile Include="main.cpp">
      <Filter>ソース ファイル</Filter>
    </ClCompile>
    <ClCompile Include="SceneManager.cpp">
      <Filter>ソース ファイル\ライブラリ</Filter>
    </ClCompile>
    <ClCompile Include="FPSManager.cpp">
      <Filter>ソース ファイル\ライブラリ</Filter>
    </ClCompile>
    <ClCompile Include="Model.cpp">
      <Filter>ソース ファイル\ライブラリ</Filter>
    </ClCompile>
    <ClCompile Include="Collision.cpp">
      <Filter>ソース ファイル\ライブラリ</Filter>
    </ClCompile>
    <ClCompile Include="CollisionPrimitive.cpp">
      <Filter>ソース ファイル\ライブラリ</Filter>
    </ClCompile>
    <ClCompile Include="DX12Util.cpp">
      <Filter>ソース ファイル\ライブラリ</Filter>
    </ClCompile>
    <ClCompile Include="Interpolation.cpp">
      <Filter>ソース ファイル\ライブラリ</Filter>
    </ClCompile>
  </ItemGroup>
  <ItemGroup>
    <FxCompile Include="BasicVertexShader.hlsl">
      <Filter>リソース ファイル</Filter>
    </FxCompile>
    <FxCompile Include="BasicPixelShader.hlsl">
      <Filter>リソース ファイル</Filter>
    </FxCompile>
    <FxCompile Include="SpritePixelShader.hlsl">
      <Filter>リソース ファイル</Filter>
    </FxCompile>
    <FxCompile Include="SpriteVertexShader.hlsl">
      <Filter>リソース ファイル</Filter>
    </FxCompile>
    <FxCompile Include="OBJPixelShader.hlsl">
      <Filter>リソース ファイル</Filter>
    </FxCompile>
    <FxCompile Include="OBJVertexShader.hlsl">
      <Filter>リソース ファイル</Filter>
    </FxCompile>
  </ItemGroup>
  <ItemGroup>
    <ClInclude Include="DebugText.h">
      <Filter>ヘッダー ファイル\ライブラリ</Filter>
    </ClInclude>
    <ClInclude Include="Input.h">
      <Filter>ヘッダー ファイル\ライブラリ</Filter>
    </ClInclude>
    <ClInclude Include="Object3D.h">
      <Filter>ヘッダー ファイル\ライブラリ</Filter>
    </ClInclude>
    <ClInclude Include="Scene.h">
      <Filter>ヘッダー ファイル\ライブラリ</Filter>
    </ClInclude>
    <ClInclude Include="Sound.h">
      <Filter>ヘッダー ファイル\ライブラリ</Filter>
    </ClInclude>
    <ClInclude Include="Sprite.h">
      <Filter>ヘッダー ファイル\ライブラリ</Filter>
    </ClInclude>
    <ClInclude Include="XAudio2VoiceCallback.h">
      <Filter>ヘッダー ファイル\ライブラリ</Filter>
    </ClInclude>
    <ClInclude Include="SceneManager.h">
      <Filter>ヘッダー ファイル\ライブラリ</Filter>
    </ClInclude>
    <ClInclude Include="FPSManager.h">
      <Filter>ヘッダー ファイル\ライブラリ</Filter>
    </ClInclude>
    <ClInclude Include="Model.h">
      <Filter>ヘッダー ファイル\ライブラリ</Filter>
    </ClInclude>
    <ClInclude Include="Collision.h">
      <Filter>ヘッダー ファイル\ライブラリ</Filter>
    </ClInclude>
    <ClInclude Include="CollisionPrimitive.h">
      <Filter>ヘッダー ファイル\ライブラリ</Filter>
    </ClInclude>
    <ClInclude Include="DX12Util.h">
      <Filter>ヘッダー ファイル\ライブラリ</Filter>
    </ClInclude>
    <ClInclude Include="Interpolation.h">
      <Filter>ヘッダー ファイル\ライブラリ</Filter>
    </ClInclude>
  </ItemGroup>
  <ItemGroup>
    <None Include="BasicShaderHeader.hlsli">
      <Filter>リソース ファイル</Filter>
    </None>
    <None Include="SpriteShaderHeader.hlsli">
      <Filter>リソース ファイル</Filter>
    </None>
    <None Include="OBJShaderHeader.hlsli">
      <Filter>リソース ファイル</Filter>
    </None>
  </ItemGroup>
</Project>